# This file was autogenerated by Stack.
# You should not edit this file by hand.
# For more information, please see the documentation at:
#   https://docs.haskellstack.org/en/stable/lock_files

packages:
- completed:
    hackage: xmobar-0.42@sha256:a4583cea362e6e10a9633dc083987377a6016c1c0756802ef06dbb6c2ef77e30,14676
    pantry-tree:
      size: 9019
      sha256: b35b11bd2c2656dc0f033c530a76a7803e48857859802551980fef35de112ba0
  original:
    hackage: xmobar-0.42
- completed:
    hackage: X11-xft-0.3.4@sha256:e08bd69d24c40f1a33e6c87964f200656da77ad6a1fbdf6a4073dcb967e65599,1380
    pantry-tree:
      size: 330
      sha256: 0dad74fea9135433d0f4ca7a65dba6c8ac99136bb6cacf901d2ddf795846d0f1
  original:
    hackage: X11-xft-0.3.4
- completed:
    hackage: iwlib-0.1.0@sha256:226e4582d6878166a172ff98c868e25c4ed478ab28ab493498e464b1fe19d39a,921
    pantry-tree:
      size: 259
      sha256: f867a93991b791adf4c65bb91f385effee7e18bd78d8e0a61fd03f42f6073705
  original:
    hackage: iwlib-0.1.0
snapshots:
- completed:
    size: 617368
    url: https://raw.githubusercontent.com/commercialhaskell/stackage-snapshots/master/lts/19/2.yaml
    sha256: e7e57649a12f6178d1158e4b6f1f1885ed56d210ae6174385271cecc9b1ea974
  original:
    url: https://raw.githubusercontent.com/commercialhaskell/stackage-snapshots/master/lts/19/2.yaml
